
Microsoft Visual Studio Solution File, Format Version 12.00
# Visual Studio Version 17
VisualStudioVersion = 17.0.32014.148
MinimumVisualStudioVersion = 10.0.40219.1
Project("{8BC9CEB8-8B4A-11D0-8D11-00A0C91BC942}") = "HEngine", "HEngine\HEngine.vcxproj", "{6CE45AC3-8E2C-4E82-AD87-E2E4EACA98ED}"
EndProject
Project("{8BC9CEB8-8B4A-11D0-8D11-00A0C91BC942}") = "Sandbox", "Sandbox\Sandbox.vcxproj", "{E5A67DCD-339E-4EC5-85CB-C825D9129C5C}"
EndProject
Global
	GlobalSection(SolutionConfigurationPlatforms) = preSolution
		Debug|x64 = Debug|x64
		Release|x64 = Release|x64
	EndGlobalSection
	GlobalSection(ProjectConfigurationPlatforms) = postSolution
		{6CE45AC3-8E2C-4E82-AD87-E2E4EACA98ED}.Debug|x64.ActiveCfg = Debug|x64
		{6CE45AC3-8E2C-4E82-AD87-E2E4EACA98ED}.Debug|x64.Build.0 = Debug|x64
		{6CE45AC3-8E2C-4E82-AD87-E2E4EACA98ED}.Release|x64.ActiveCfg = Release|x64
		{6CE45AC3-8E2C-4E82-AD87-E2E4EACA98ED}.Release|x64.Build.0 = Release|x64
		{E5A67DCD-339E-4EC5-85CB-C825D9129C5C}.Debug|x64.ActiveCfg = Debug|x64
		{E5A67DCD-339E-4EC5-85CB-C825D9129C5C}.Debug|x64.Build.0 = Debug|x64
		{E5A67DCD-339E-4EC5-85CB-C825D9129C5C}.Release|x64.ActiveCfg = Release|x64
		{E5A67DCD-339E-4EC5-85CB-C825D9129C5C}.Release|x64.Build.0 = Release|x64
	EndGlobalSection
	GlobalSection(SolutionProperties) = preSolution
		HideSolutionNode = FALSE
	EndGlobalSection
	GlobalSection(ExtensibilityGlobals) = postSolution
		SolutionGuid = {3F3AD91F-0F4E-4C18-A2D1-6B040F68244C}
	EndGlobalSection
EndGlobal
